
Microsoft Visual Studio Solution File, Format Version 12.00
# Visual Studio Version 17
VisualStudioVersion = 17.3.32825.248
MinimumVisualStudioVersion = 10.0.40219.1
Project("{54A90642-561A-4BB1-A94E-469ADEE60C69}") = "crudd-backend", "crud-full-stack\crudd-backend.esproj", "{CAAF1289-1181-45B6-9152-332AB5F3E6D3}"
EndProject
Project("{FAE04EC0-301F-11D3-BF4B-00C04F79EFBC}") = "crud-backend", "crudd-backend\crud-backend.csproj", "{58AD95BB-F5D3-45DE-B7A0-D141D31C578D}"
EndProject
Global
	GlobalSection(SolutionConfigurationPlatforms) = preSolution
		Debug|Any CPU = Debug|Any CPU
		Release|Any CPU = Release|Any CPU
	EndGlobalSection
	GlobalSection(ProjectConfigurationPlatforms) = postSolution
		{CAAF1289-1181-45B6-9152-332AB5F3E6D3}.Debug|Any CPU.ActiveCfg = Debug|Any CPU
		{CAAF1289-1181-45B6-9152-332AB5F3E6D3}.Debug|Any CPU.Build.0 = Debug|Any CPU
		{CAAF1289-1181-45B6-9152-332AB5F3E6D3}.Debug|Any CPU.Deploy.0 = Debug|Any CPU
		{CAAF1289-1181-45B6-9152-332AB5F3E6D3}.Release|Any CPU.ActiveCfg = Release|Any CPU
		{CAAF1289-1181-45B6-9152-332AB5F3E6D3}.Release|Any CPU.Build.0 = Release|Any CPU
		{CAAF1289-1181-45B6-9152-332AB5F3E6D3}.Release|Any CPU.Deploy.0 = Release|Any CPU
		{58AD95BB-F5D3-45DE-B7A0-D141D31C578D}.Debug|Any CPU.ActiveCfg = Debug|Any CPU
		{58AD95BB-F5D3-45DE-B7A0-D141D31C578D}.Debug|Any CPU.Build.0 = Debug|Any CPU
		{58AD95BB-F5D3-45DE-B7A0-D141D31C578D}.Release|Any CPU.ActiveCfg = Release|Any CPU
		{58AD95BB-F5D3-45DE-B7A0-D141D31C578D}.Release|Any CPU.Build.0 = Release|Any CPU
	EndGlobalSection
	GlobalSection(SolutionProperties) = preSolution
		HideSolutionNode = FALSE
	EndGlobalSection
	GlobalSection(ExtensibilityGlobals) = postSolution
		SolutionGuid = {AC94D155-6977-40A5-9BA9-523A7ADC693A}
	EndGlobalSection
EndGlobal
